
Microsoft Visual Studio Solution File, Format Version 12.00
# Visual Studio Version 16
VisualStudioVersion = 16.0.31321.278
MinimumVisualStudioVersion = 10.0.40219.1
Project("{9A19103F-16F7-4668-BE54-9A1E7A4F7556}") = "MussalaGateway-Variante", "MussalaGateway-Variante.csproj", "{72A3DD28-F689-43E9-BFFB-32A24304B35E}"
EndProject
Global
	GlobalSection(SolutionConfigurationPlatforms) = preSolution
		Debug|Any CPU = Debug|Any CPU
		Release|Any CPU = Release|Any CPU
	EndGlobalSection
	GlobalSection(ProjectConfigurationPlatforms) = postSolution
		{72A3DD28-F689-43E9-BFFB-32A24304B35E}.Debug|Any CPU.ActiveCfg = Release|Any CPU
		{72A3DD28-F689-43E9-BFFB-32A24304B35E}.Debug|Any CPU.Build.0 = Release|Any CPU
		{72A3DD28-F689-43E9-BFFB-32A24304B35E}.Release|Any CPU.ActiveCfg = Release|Any CPU
		{72A3DD28-F689-43E9-BFFB-32A24304B35E}.Release|Any CPU.Build.0 = Release|Any CPU
	EndGlobalSection
	GlobalSection(SolutionProperties) = preSolution
		HideSolutionNode = FALSE
	EndGlobalSection
	GlobalSection(ExtensibilityGlobals) = postSolution
		SolutionGuid = {B841179A-BA9B-4509-B48E-5071976CFC0E}
	EndGlobalSection
EndGlobal
